schema: '2.0'
stages:
  load_data:
    cmd: python src/load_data.py --config=params.yaml
    deps:
    - path: Scrape_zone/job_listings.csv
      md5: 3cf7036abc55d9f70cf8498f97024951
      size: 3835251
    - path: src/load_data.py
      md5: 2064dc5b1de00865e6ca98b1b29c0775
      size: 727
    outs:
    - path: data/raw/listings.csv
      md5: d0c3312653157741331455f4995319f4
      size: 3836286
  clean_data:
    cmd: python src/data_cleaning.py --config=params.yaml
    deps:
    - path: data/raw/listings.csv
      md5: d0c3312653157741331455f4995319f4
      size: 3836286
    - path: src/data_cleaning.py
      md5: 9d5b1bee4ecea26b832a4583254be83b
      size: 2739
    outs:
    - path: data/cleaned/final_data.csv
      md5: afc072e0bf43fb005cc2ddc5f968cdbb
      size: 3086610
  split_data:
    cmd: python src/split_data.py --config=params.yaml
    deps:
    - path: data/eda/eda_data.csv
      md5: c0ef2395e2350dcf09122455a4ae2bbd
      size: 276052
    - path: src/split_data.py
      md5: 416ed9a730df5936f8338d10b5eef1a9
      size: 976
    outs:
    - path: data/processed/test.csv
      md5: c078f1d46d3e9cfe9592a46dd48a1c33
      size: 58712
    - path: data/processed/train.csv
      md5: 076b5ca8e87054f029c4ff01c4da4440
      size: 221439
