schema: '2.0'
stages:
  load_data:
    cmd: python src/load_data.py --config=params.yaml
    deps:
    - path: Scrape_zone/job_listings.csv
      md5: 3cf7036abc55d9f70cf8498f97024951
      size: 3835251
    - path: src/load_data.py
      md5: 2064dc5b1de00865e6ca98b1b29c0775
      size: 727
    outs:
    - path: data/raw/listings.csv
      md5: d0c3312653157741331455f4995319f4
      size: 3836286
  clean_data:
    cmd: python src/data_cleaning.py --config=params.yaml
    deps:
    - path: data/raw/listings.csv
      md5: d0c3312653157741331455f4995319f4
      size: 3836286
    - path: src/data_cleaning.py
      md5: 9d5b1bee4ecea26b832a4583254be83b
      size: 2739
    outs:
    - path: data/cleaned/final_data.csv
      md5: afc072e0bf43fb005cc2ddc5f968cdbb
      size: 3086610
